Microsoft Visual Studio Solution File, Format Version 12.00
# Visual Studio Version 16
VisualStudioVersion = 16.0.29306.81
MinimumVisualStudioVersion = 10.0.40219.1
Project("{9A19103F-16F7-4668-BE54-9A1E7A4F7556}") = "Team450Project", "Team450Project.csproj", "{647F38CA-E982-4EEC-BAFC-81F5AF62F1FF}"
EndProject
Global
	GlobalSection(SolutionConfigurationPlatforms) = preSolution
		Debug|Any CPU = Debug|Any CPU
		Release|Any CPU = Release|Any CPU
	EndGlobalSection
	GlobalSection(ProjectConfigurationPlatforms) = postSolution
		{647F38CA-E982-4EEC-BAFC-81F5AF62F1FF}.Debug|Any CPU.ActiveCfg = Debug|Any CPU
		{647F38CA-E982-4EEC-BAFC-81F5AF62F1FF}.Debug|Any CPU.Build.0 = Debug|Any CPU
		{647F38CA-E982-4EEC-BAFC-81F5AF62F1FF}.Release|Any CPU.ActiveCfg = Release|Any CPU
		{647F38CA-E982-4EEC-BAFC-81F5AF62F1FF}.Release|Any CPU.Build.0 = Release|Any CPU
	EndGlobalSection
	GlobalSection(SolutionProperties) = preSolution
		HideSolutionNode = FALSE
	EndGlobalSection
	GlobalSection(ExtensibilityGlobals) = postSolution
		SolutionGuid = {01DDA666-B171-4742-932E-D283C2481F02}
	EndGlobalSection
EndGlobal
